{
  "name": "pathfinding",
  "version": "1.0.0",
  "lockfileVersion": 1,
  "requires": true,
  "dependencies": {
    "@datastructures-js/heap": {
      "version": "4.1.0",
      "resolved": "https://registry.npmjs.org/@datastructures-js/heap/-/heap-4.1.0.tgz",
      "integrity": "sha512-PFKWpDhd1BEdKw2FErddES8bLT6R2/FiivT42eByshG+9vNUpsGuOr7tsKcqRo1S3XyfBnQT711HVQt2k6xRQw=="
    },
    "@datastructures-js/priority-queue": {
      "version": "6.1.0",
      "resolved": "https://registry.npmjs.org/@datastructures-js/priority-queue/-/priority-queue-6.1.0.tgz",
      "integrity": "sha512-Rex74C6ZmBmYkQR96pWKAornfIUQ48Sgaz8Qk5BZHYDZRfiLQL1F4siNF/CW9FTUbwhHyeaHcTYM5hL++6z1PA==",
      "requires": {
        "@datastructures-js/heap": "^4.0.2"
      }
    },
    "@datastructures-js/queue": {
      "version": "4.2.1",
      "resolved": "https://registry.npmjs.org/@datastructures-js/queue/-/queue-4.2.1.tgz",
      "integrity": "sha512-j23SNg1EyUzPhKeW37inqil/+YHwL/IIuaDftrrpqv0OKLJ6N5hhuYtGe33WCm5QppmIvbk5/dMwJ4UW+MzJPw=="
    },
    "@manubb/union-find": {
      "version": "1.0.2",
      "resolved": "https://registry.npmjs.org/@manubb/union-find/-/union-find-1.0.2.tgz",
      "integrity": "sha512-FkfO4oefFeL01Ine9SjrL2ce2rF832KYUXpedMD2JUf1XKbd8oRXJ5ndU/tlprhUo+ndutQbyulX6bpLJf+AQw=="
    }
  }
}
